
Microsoft Visual Studio Solution File, Format Version 12.00
# Visual Studio Version 17
VisualStudioVersion = 17.9.0.0
MinimumVisualStudioVersion = 10.0.40219.1
Project("{FAE04EC0-301F-11D3-BF4B-00C04F79EFBC}") = "GlpiNg.Web", "src\GlpiNg.Web\GlpiNg.Web.csproj", "{9C6D8B9E-1B1E-4F1A-9C2E-7A2B2D9A0001}"
EndProject
Project("{2150E333-8FDC-42A3-9474-1A3956D46DE8}") = "src", "src", "{8CAAF0A8-DC78-4587-AFA3-3E6C6BDDF284}"
EndProject
Project("{FAE04EC0-301F-11D3-BF4B-00C04F79EFBC}") = "GlpiNg.Modules.Inventory", "src\GlpiNg.Modules.Inventory\GlpiNg.Modules.Inventory.csproj", "{753961CA-D8CF-4CBD-BE98-64D1790CF00E}"
EndProject
Project("{FAE04EC0-301F-11D3-BF4B-00C04F79EFBC}") = "GlpiNg.Modules.Abstractions", "src\GlpiNg.Modules.Abstractions\GlpiNg.Modules.Abstractions.csproj", "{4A6C0AC8-B2E7-43D2-A464-C5C5F62A7761}"
EndProject
Project("{FAE04EC0-301F-11D3-BF4B-00C04F79EFBC}") = "GlpiNg.Modules.Cron", "src\GlpiNg.Modules.Cron\GlpiNg.Modules.Cron.csproj", "{E7F9C3D8-9348-4950-91C7-96AA571A483E}"
EndProject
Global
	GlobalSection(SolutionConfigurationPlatforms) = preSolution
		Debug|Any CPU = Debug|Any CPU
		Debug|x64 = Debug|x64
		Debug|x86 = Debug|x86
		Release|Any CPU = Release|Any CPU
		Release|x64 = Release|x64
		Release|x86 = Release|x86
	EndGlobalSection
	GlobalSection(ProjectConfigurationPlatforms) = postSolution
		{9C6D8B9E-1B1E-4F1A-9C2E-7A2B2D9A0001}.Debug|Any CPU.ActiveCfg = Debug|Any CPU
		{9C6D8B9E-1B1E-4F1A-9C2E-7A2B2D9A0001}.Debug|Any CPU.Build.0 = Debug|Any CPU
		{9C6D8B9E-1B1E-4F1A-9C2E-7A2B2D9A0001}.Debug|x64.ActiveCfg = Debug|Any CPU
		{9C6D8B9E-1B1E-4F1A-9C2E-7A2B2D9A0001}.Debug|x64.Build.0 = Debug|Any CPU
		{9C6D8B9E-1B1E-4F1A-9C2E-7A2B2D9A0001}.Debug|x86.ActiveCfg = Debug|Any CPU
		{9C6D8B9E-1B1E-4F1A-9C2E-7A2B2D9A0001}.Debug|x86.Build.0 = Debug|Any CPU
		{9C6D8B9E-1B1E-4F1A-9C2E-7A2B2D9A0001}.Release|Any CPU.ActiveCfg = Release|Any CPU
		{9C6D8B9E-1B1E-4F1A-9C2E-7A2B2D9A0001}.Release|Any CPU.Build.0 = Release|Any CPU
		{9C6D8B9E-1B1E-4F1A-9C2E-7A2B2D9A0001}.Release|x64.ActiveCfg = Release|Any CPU
		{9C6D8B9E-1B1E-4F1A-9C2E-7A2B2D9A0001}.Release|x64.Build.0 = Release|Any CPU
		{9C6D8B9E-1B1E-4F1A-9C2E-7A2B2D9A0001}.Release|x86.ActiveCfg = Release|Any CPU
		{9C6D8B9E-1B1E-4F1A-9C2E-7A2B2D9A0001}.Release|x86.Build.0 = Release|Any CPU
		{753961CA-D8CF-4CBD-BE98-64D1790CF00E}.Debug|Any CPU.ActiveCfg = Debug|Any CPU
		{753961CA-D8CF-4CBD-BE98-64D1790CF00E}.Debug|Any CPU.Build.0 = Debug|Any CPU
		{753961CA-D8CF-4CBD-BE98-64D1790CF00E}.Debug|x64.ActiveCfg = Debug|Any CPU
		{753961CA-D8CF-4CBD-BE98-64D1790CF00E}.Debug|x64.Build.0 = Debug|Any CPU
		{753961CA-D8CF-4CBD-BE98-64D1790CF00E}.Debug|x86.ActiveCfg = Debug|Any CPU
		{753961CA-D8CF-4CBD-BE98-64D1790CF00E}.Debug|x86.Build.0 = Debug|Any CPU
		{753961CA-D8CF-4CBD-BE98-64D1790CF00E}.Release|Any CPU.ActiveCfg = Release|Any CPU
		{753961CA-D8CF-4CBD-BE98-64D1790CF00E}.Release|Any CPU.Build.0 = Release|Any CPU
		{753961CA-D8CF-4CBD-BE98-64D1790CF00E}.Release|x64.ActiveCfg = Release|Any CPU
		{753961CA-D8CF-4CBD-BE98-64D1790CF00E}.Release|x64.Build.0 = Release|Any CPU
		{753961CA-D8CF-4CBD-BE98-64D1790CF00E}.Release|x86.ActiveCfg = Release|Any CPU
		{753961CA-D8CF-4CBD-BE98-64D1790CF00E}.Release|x86.Build.0 = Release|Any CPU
		{4A6C0AC8-B2E7-43D2-A464-C5C5F62A7761}.Debug|Any CPU.ActiveCfg = Debug|Any CPU
		{4A6C0AC8-B2E7-43D2-A464-C5C5F62A7761}.Debug|Any CPU.Build.0 = Debug|Any CPU
		{4A6C0AC8-B2E7-43D2-A464-C5C5F62A7761}.Debug|x64.ActiveCfg = Debug|Any CPU
		{4A6C0AC8-B2E7-43D2-A464-C5C5F62A7761}.Debug|x64.Build.0 = Debug|Any CPU
		{4A6C0AC8-B2E7-43D2-A464-C5C5F62A7761}.Debug|x86.ActiveCfg = Debug|Any CPU
		{4A6C0AC8-B2E7-43D2-A464-C5C5F62A7761}.Debug|x86.Build.0 = Debug|Any CPU
		{4A6C0AC8-B2E7-43D2-A464-C5C5F62A7761}.Release|Any CPU.ActiveCfg = Release|Any CPU
		{4A6C0AC8-B2E7-43D2-A464-C5C5F62A7761}.Release|Any CPU.Build.0 = Release|Any CPU
		{4A6C0AC8-B2E7-43D2-A464-C5C5F62A7761}.Release|x64.ActiveCfg = Release|Any CPU
		{4A6C0AC8-B2E7-43D2-A464-C5C5F62A7761}.Release|x64.Build.0 = Release|Any CPU
		{4A6C0AC8-B2E7-43D2-A464-C5C5F62A7761}.Release|x86.ActiveCfg = Release|Any CPU
		{4A6C0AC8-B2E7-43D2-A464-C5C5F62A7761}.Release|x86.Build.0 = Release|Any CPU
		{E7F9C3D8-9348-4950-91C7-96AA571A483E}.Debug|Any CPU.ActiveCfg = Debug|Any CPU
		{E7F9C3D8-9348-4950-91C7-96AA571A483E}.Debug|Any CPU.Build.0 = Debug|Any CPU
		{E7F9C3D8-9348-4950-91C7-96AA571A483E}.Debug|x64.ActiveCfg = Debug|Any CPU
		{E7F9C3D8-9348-4950-91C7-96AA571A483E}.Debug|x64.Build.0 = Debug|Any CPU
		{E7F9C3D8-9348-4950-91C7-96AA571A483E}.Debug|x86.ActiveCfg = Debug|Any CPU
		{E7F9C3D8-9348-4950-91C7-96AA571A483E}.Debug|x86.Build.0 = Debug|Any CPU
		{E7F9C3D8-9348-4950-91C7-96AA571A483E}.Release|Any CPU.ActiveCfg = Release|Any CPU
		{E7F9C3D8-9348-4950-91C7-96AA571A483E}.Release|Any CPU.Build.0 = Release|Any CPU
		{E7F9C3D8-9348-4950-91C7-96AA571A483E}.Release|x64.ActiveCfg = Release|Any CPU
		{E7F9C3D8-9348-4950-91C7-96AA571A483E}.Release|x64.Build.0 = Release|Any CPU
		{E7F9C3D8-9348-4950-91C7-96AA571A483E}.Release|x86.ActiveCfg = Release|Any CPU
		{E7F9C3D8-9348-4950-91C7-96AA571A483E}.Release|x86.Build.0 = Release|Any CPU
	EndGlobalSection
	GlobalSection(SolutionProperties) = preSolution
		HideSolutionNode = FALSE
	EndGlobalSection
	GlobalSection(NestedProjects) = preSolution
		{753961CA-D8CF-4CBD-BE98-64D1790CF00E} = {8CAAF0A8-DC78-4587-AFA3-3E6C6BDDF284}
		{4A6C0AC8-B2E7-43D2-A464-C5C5F62A7761} = {8CAAF0A8-DC78-4587-AFA3-3E6C6BDDF284}
		{E7F9C3D8-9348-4950-91C7-96AA571A483E} = {8CAAF0A8-DC78-4587-AFA3-3E6C6BDDF284}
	EndGlobalSection
EndGlobal
